
Microsoft Visual Studio Solution File, Format Version 12.00
# Visual Studio 15
VisualStudioVersion = 15.0.27004.2008
MinimumVisualStudioVersion = 10.0.40219.1
Project("{888888A0-9F3D-457C-B088-3A5042F75D52}") = "live_graphs", "live_graphs\live_graphs.pyproj", "{C0DC361A-ACAC-44C3-924E-C4CA30A40AA6}"
EndProject
Global
	GlobalSection(SolutionConfigurationPlatforms) = preSolution
		Debug|Any CPU = Debug|Any CPU
		Release|Any CPU = Release|Any CPU
	EndGlobalSection
	GlobalSection(ProjectConfigurationPlatforms) = postSolution
		{C0DC361A-ACAC-44C3-924E-C4CA30A40AA6}.Debug|Any CPU.ActiveCfg = Debug|Any CPU
		{C0DC361A-ACAC-44C3-924E-C4CA30A40AA6}.Release|Any CPU.ActiveCfg = Release|Any CPU
	EndGlobalSection
	GlobalSection(SolutionProperties) = preSolution
		HideSolutionNode = FALSE
	EndGlobalSection
	GlobalSection(ExtensibilityGlobals) = postSolution
		SolutionGuid = {419F08C2-F26F-4806-9BCD-96EF4DB22FA3}
	EndGlobalSection
EndGlobal
